
Microsoft Visual Studio Solution File, Format Version 11.00
# Visual Studio 2010
Project("{FAE04EC0-301F-11D3-BF4B-00C04F79EFBC}") = "Assembly-CSharp", "Assembly-CSharp.csproj", "{69f3276e-19b8-d11e-2fd8-c68b7716e9df}"
EndProject
Project("{FAE04EC0-301F-11D3-BF4B-00C04F79EFBC}") = "Assembly-CSharp-Editor", "Assembly-CSharp-Editor.csproj", "{9fcbe209-e58a-f52d-c8c2-f57e9e675928}"
EndProject
Global
	GlobalSection(SolutionConfigurationPlatforms) = preSolution
		Debug|Any CPU = Debug|Any CPU
	EndGlobalSection
	GlobalSection(ProjectConfigurationPlatforms) = postSolution
		{69f3276e-19b8-d11e-2fd8-c68b7716e9df}.Debug|Any CPU.ActiveCfg = Debug|Any CPU
		{69f3276e-19b8-d11e-2fd8-c68b7716e9df}.Debug|Any CPU.Build.0 = Debug|Any CPU
		{9fcbe209-e58a-f52d-c8c2-f57e9e675928}.Debug|Any CPU.ActiveCfg = Debug|Any CPU
		{9fcbe209-e58a-f52d-c8c2-f57e9e675928}.Debug|Any CPU.Build.0 = Debug|Any CPU
	EndGlobalSection
	GlobalSection(SolutionProperties) = preSolution
		HideSolutionNode = FALSE
	EndGlobalSection
EndGlobal
